<Solution>
  <Folder Name="/samples/">
    <Project Path="samples/ToastNotification.Notyf/ToastNotification.Notyf.csproj" />
    <Project Path="samples/ToastNotification.Toastify/ToastNotification.Toastify.csproj" />
  </Folder>
  <Folder Name="/src/">
    <Project Path="src/AspNetCoreHero.ToastNotification/AspNetCoreHero.ToastNotification.csproj" />
  </Folder>
  <Folder Name="/tests/">
    <Project Path="tests/AspNetCoreHero.ToastNotification.E2ETests/AspNetCoreHero.ToastNotification.E2ETests.csproj" />
    <Project Path="tests/AspNetCoreHero.ToastNotification.TestApp/AspNetCoreHero.ToastNotification.TestApp.csproj" />
    <Project Path="tests/AspNetCoreHero.ToastNotification.Tests/AspNetCoreHero.ToastNotification.Tests.csproj" />
  </Folder>
</Solution>
